// !$*UTF8*$!
{
	archiveVersion = 1;
	classes = {
	};
	objectVersion = 56;
	objects = {

/* Begin PBXBuildFile section */
		A3FE54642BFD1CE90083EBC6 /* TestApp.swift in Sources */ = {isa = PBXBuildFile; fileRef = A3FE54632BFD1CE90083EBC6 /* TestApp.swift */; };
		A3FE54662BFD1CE90083EBC6 /* ContentView.swift in Sources */ = {isa = PBXBuildFile; fileRef = A3FE54652BFD1CE90083EBC6 /* ContentView.swift */; };
		A3FE54682BFD1CEA0083EBC6 /* Assets.xcassets in Resources */ = {isa = PBXBuildFile; fileRef = A3FE54672BFD1CEA0083EBC6 /* Assets.xcassets */; };
		A3FE546B2BFD1CEA0083EBC6 /* Preview Assets.xcassets in Resources */ = {isa = PBXBuildFile; fileRef = A3FE546A2BFD1CEA0083EBC6 /* Preview Assets.xcassets */; };
		A3FE54752BFD1CEB0083EBC6 /* TestTests.swift in Sources */ = {isa = PBXBuildFile; fileRef = A3FE54742BFD1CEB0083EBC6 /* TestTests.swift */; };
		A3FE547F2BFD1CEB0083EBC6 /* TestUITests.swift in Sources */ = {isa = PBXBuildFile; fileRef = A3FE547E2BFD1CEB0083EBC6 /* TestUITests.swift */; };
		A3FE54812BFD1CEB0083EBC6 /* TestUITestsLaunchTests.swift in Sources */ = {isa = PBXBuildFile; fileRef = A3FE54802BFD1CEB0083EBC6 /* TestUITestsLaunchTests.swift */; };
/* End PBXBuildFile section */

/* Begin PBXContainerItemProxy section */
		A3FE54712BFD1CEB0083EBC6 /* PBXContainerItemProxy */ = {
			isa = PBXContainerItemProxy;
			containerPortal = A3FE54582BFD1CE80083EBC6 /* Project object */;
			proxyType = 1;
			remoteGlobalIDString = A3FE545F2BFD1CE80083EBC6;
			remoteInfo = Test;
		};
		A3FE547B2BFD1CEB0083EBC6 /* PBXContainerItemProxy */ = {
			isa = PBXContainerItemProxy;
			containerPortal = A3FE54582BFD1CE80083EBC6 /* Project object */;
			proxyType = 1;
			remoteGlobalIDString = A3FE545F2BFD1CE80083EBC6;
			remoteInfo = Test;
		};
/* End PBXContainerItemProxy section */

/* Begin PBXFileReference section */
		A3FE54602BFD1CE90083EBC6 /* Test.app */ = {isa = PBXFileReference; explicitFileType = wrapper.application; includeInIndex = 0; path = Test.app; sourceTree = BUILT_PRODUCTS_DIR; };
		A3FE54632BFD1CE90083EBC6 /* TestApp.swift */ = {isa = PBXFileReference; lastKnownFileType = sourcecode.swift; path = TestApp.swift; sourceTree = "<group>"; };
		A3FE54652BFD1CE90083EBC6 /* ContentView.swift */ = {isa = PBXFileReference; lastKnownFileType = sourcecode.swift; path = ContentView.swift; sourceTree = "<group>"; };
		A3FE54672BFD1CEA0083EBC6 /* Assets.xcassets */ = {isa = PBXFileReference; lastKnownFileType = folder.assetcatalog; path = Assets.xcassets; sourceTree = "<group>"; };
		A3FE546A2BFD1CEA0083EBC6 /* Preview Assets.xcassets */ = {isa = PBXFileReference; lastKnownFileType = folder.assetcatalog; path = "Preview Assets.xcassets"; sourceTree = "<group>"; };
		A3FE54702BFD1CEB0083EBC6 /* TestTests.xctest */ = {isa = PBXFileReference; explicitFileType = wrapper.cfbundle; includeInIndex = 0; path = TestTests.xctest; sourceTree = BUILT_PRODUCTS_DIR; };
		A3FE54742BFD1CEB0083EBC6 /* TestTests.swift */ = {isa = PBXFileReference; lastKnownFileType = sourcecode.swift; path = TestTests.swift; sourceTree = "<group>"; };
		A3FE547A2BFD1CEB0083EBC6 /* TestUITests.xctest */ = {isa = PBXFileReference; explicitFileType = wrapper.cfbundle; includeInIndex = 0; path = TestUITests.xctest; sourceTree = BUILT_PRODUCTS_DIR; };
		A3FE547E2BFD1CEB0083EBC6 /* TestUITests.swift */ = {isa = PBXFileReference; lastKnownFileType = sourcecode.swift; path = TestUITests.swift; sourceTree = "<group>"; };
		A3FE54802BFD1CEB0083EBC6 /* TestUITestsLaunchTests.swift */ = {isa = PBXFileReference; lastKnownFileType = sourcecode.swift; path = TestUITestsLaunchTests.swift; sourceTree = "<group>"; };
/* End PBXFileReference section */

/* Begin PBXFrameworksBuildPhase section */
		A3FE545D2BFD1CE80083EBC6 /* Frameworks */ = {
			isa = PBXFrameworksBuildPhase;
			buildActionMask = 2147483647;
			files = (
			);
			runOnlyForDeploymentPostprocessing = 0;
		};
		A3FE546D2BFD1CEB0083EBC6 /* Frameworks */ = {
			isa = PBXFrameworksBuildPhase;
			buildActionMask = 2147483647;
			files = (
			);
			runOnlyForDeploymentPostprocessing = 0;
		};
		A3FE54772BFD1CEB0083EBC6 /* Frameworks */ = {
			isa = PBXFrameworksBuildPhase;
			buildActionMask = 2147483647;
			files = (
			);
			runOnlyForDeploymentPostprocessing = 0;
		};
/* End PBXFrameworksBuildPhase section */

/* Begin PBXGroup section */
		A3FE54572BFD1CE80083EBC6 = {
			isa = PBXGroup;
			children = (
				A3FE54622BFD1CE90083EBC6 /* Test */,
				A3FE54732BFD1CEB0083EBC6 /* TestTests */,
				A3FE547D2BFD1CEB0083EBC6 /* TestUITests */,
				A3FE54612BFD1CE90083EBC6 /* Products */,
			);
			sourceTree = "<group>";
		};
		A3FE54612BFD1CE90083EBC6 /* Products */ = {
			isa = PBXGroup;
			children = (
				A3FE54602BFD1CE90083EBC6 /* Test.app */,
				A3FE54702BFD1CEB0083EBC6 /* TestTests.xctest */,
				A3FE547A2BFD1CEB0083EBC6 /* TestUITests.xctest */,
			);
			name = Products;
			sourceTree = "<group>";
		};
		A3FE54622BFD1CE90083EBC6 /* Test */ = {
			isa = PBXGroup;
			children = (
				A3FE54632BFD1CE90083EBC6 /* TestApp.swift */,
				A3FE54652BFD1CE90083EBC6 /* ContentView.swift */,
				A3FE54672BFD1CEA0083EBC6 /* Assets.xcassets */,
				A3FE54692BFD1CEA0083EBC6 /* Preview Content */,
			);
			path = Test;
			sourceTree = "<group>";
		};
		A3FE54692BFD1CEA0083EBC6 /* Preview Content */ = {
			isa = PBXGroup;
			children = (
				A3FE546A2BFD1CEA0083EBC6 /* Preview Assets.xcassets */,
			);
			path = "Preview Content";
			sourceTree = "<group>";
		};
		A3FE54732BFD1CEB0083EBC6 /* TestTests */ = {
			isa = PBXGroup;
			children = (
				A3FE54742BFD1CEB0083EBC6 /* TestTests.swift */,
			);
			path = TestTests;
			sourceTree = "<group>";
		};
		A3FE547D2BFD1CEB0083EBC6 /* TestUITests */ = {
			isa = PBXGroup;
			children = (
				A3FE547E2BFD1CEB0083EBC6 /* TestUITests.swift */,
				A3FE54802BFD1CEB0083EBC6 /* TestUITestsLaunchTests.swift */,
			);
			path = TestUITests;
			sourceTree = "<group>";
		};
/* End PBXGroup section */

/* Begin PBXNativeTarget section */
		A3FE545F2BFD1CE80083EBC6 /* Test */ = {
			isa = PBXNativeTarget;
			buildConfigurationList = A3FE54842BFD1CEB0083EBC6 /* Build configuration list for PBXNativeTarget "Test" */;
			buildPhases = (
				A3FE545C2BFD1CE80083EBC6 /* Sources */,
				A3FE545D2BFD1CE80083EBC6 /* Frameworks */,
				A3FE545E2BFD1CE80083EBC6 /* Resources */,
			);
			buildRules = (
			);
			dependencies = (
			);
			name = Test;
			productName = Test;
			productReference = A3FE54602BFD1CE90083EBC6 /* Test.app */;
			productType = "com.apple.product-type.application";
		};
		A3FE546F2BFD1CEB0083EBC6 /* TestTests */ = {
			isa = PBXNativeTarget;
			buildConfigurationList = A3FE54872BFD1CEB0083EBC6 /* Build configuration list for PBXNativeTarget "TestTests" */;
			buildPhases = (
				A3FE546C2BFD1CEB0083EBC6 /* Sources */,
				A3FE546D2BFD1CEB0083EBC6 /* Frameworks */,
				A3FE546E2BFD1CEB0083EBC6 /* Resources */,
			);
			buildRules = (
			);
			dependencies = (
				A3FE54722BFD1CEB0083EBC6 /* PBXTargetDependency */,
			);
			name = TestTests;
			productName = TestTests;
			productReference = A3FE54702BFD1CEB0083EBC6 /* TestTests.xctest */;
			productType = "com.apple.product-type.bundle.unit-test";
		};
		A3FE54792BFD1CEB0083EBC6 /* TestUITests */ = {
			isa = PBXNativeTarget;
			buildConfigurationList = A3FE548A2BFD1CEB0083EBC6 /* Build configuration list for PBXNativeTarget "TestUITests" */;
			buildPhases = (
				A3FE54762BFD1CEB0083EBC6 /* Sources */,
				A3FE54772BFD1CEB0083EBC6 /* Frameworks */,
				A3FE54782BFD1CEB0083EBC6 /* Resources */,
			);
			buildRules = (
			);
			dependencies = (
				A3FE547C2BFD1CEB0083EBC6 /* PBXTargetDependency */,
			);
			name = TestUITests;
			productName = TestUITests;
			productReference = A3FE547A2BFD1CEB0083EBC6 /* TestUITests.xctest */;
			productType = "com.apple.product-type.bundle.ui-testing";
		};
/* End PBXNativeTarget section */

/* Begin PBXProject section */
		A3FE54582BFD1CE80083EBC6 /* Project object */ = {
			isa = PBXProject;
			attributes = {
				BuildIndependentTargetsInParallel = 1;
				LastSwiftUpdateCheck = 1530;
				LastUpgradeCheck = 1530;
				TargetAttributes = {
					A3FE545F2BFD1CE80083EBC6 = {
						CreatedOnToolsVersion = 15.3;
					};
					A3FE546F2BFD1CEB0083EBC6 = {
						CreatedOnToolsVersion = 15.3;
						TestTargetID = A3FE545F2BFD1CE80083EBC6;
					};
					A3FE54792BFD1CEB0083EBC6 = {
						CreatedOnToolsVersion = 15.3;
						TestTargetID = A3FE545F2BFD1CE80083EBC6;
					};
				};
			};
			buildConfigurationList = A3FE545B2BFD1CE80083EBC6 /* Build configuration list for PBXProject "Test" */;
			compatibilityVersion = "Xcode 14.0";
			developmentRegion = en;
			hasScannedForEncodings = 0;
			knownRegions = (
				en,
				Base,
			);
			mainGroup = A3FE54572BFD1CE80083EBC6;
			productRefGroup = A3FE54612BFD1CE90083EBC6 /* Products */;
			projectDirPath = "";
			projectRoot = "";
			targets = (
				A3FE545F2BFD1CE80083EBC6 /* Test */,
				A3FE546F2BFD1CEB0083EBC6 /* TestTests */,
				A3FE54792BFD1CEB0083EBC6 /* TestUITests */,
			);
		};
/* End PBXProject section */

/* Begin PBXResourcesBuildPhase section */
		A3FE545E2BFD1CE80083EBC6 /* Resources */ = {
			isa = PBXResourcesBuildPhase;
			buildActionMask = 2147483647;
			files = (
				A3FE546B2BFD1CEA0083EBC6 /* Preview Assets.xcassets in Resources */,
				A3FE54682BFD1CEA0083EBC6 /* Assets.xcassets in Resources */,
			);
			runOnlyForDeploymentPostprocessing = 0;
		};
		A3FE546E2BFD1CEB0083EBC6 /* Resources */ = {
			isa = PBXResourcesBuildPhase;
			buildActionMask = 2147483647;
			files = (
			);
			runOnlyForDeploymentPostprocessing = 0;
		};
		A3FE54782BFD1CEB0083EBC6 /* Resources */ = {
			isa = PBXResourcesBuildPhase;
			buildActionMask = 2147483647;
			files = (
			);
			runOnlyForDeploymentPostprocessing = 0;
		};
/* End PBXResourcesBuildPhase section */

/* Begin PBXSourcesBuildPhase section */
		A3FE545C2BFD1CE80083EBC6 /* Sources */ = {
			isa = PBXSourcesBuildPhase;
			buildActionMask = 2147483647;
			files = (
				A3FE54662BFD1CE90083EBC6 /* ContentView.swift in Sources */,
				A3FE54642BFD1CE90083EBC6 /* TestApp.swift in Sources */,
			);
			runOnlyForDeploymentPostprocessing = 0;
		};
		A3FE546C2BFD1CEB0083EBC6 /* Sources */ = {
			isa = PBXSourcesBuildPhase;
			buildActionMask = 2147483647;
			files = (
				A3FE54752BFD1CEB0083EBC6 /* TestTests.swift in Sources */,
			);
			runOnlyForDeploymentPostprocessing = 0;
		};
		A3FE54762BFD1CEB0083EBC6 /* Sources */ = {
			isa = PBXSourcesBuildPhase;
			buildActionMask = 2147483647;
			files = (
				A3FE54812BFD1CEB0083EBC6 /* TestUITestsLaunchTests.swift in Sources */,
				A3FE547F2BFD1CEB0083EBC6 /* TestUITests.swift in Sources */,
			);
			runOnlyForDeploymentPostprocessing = 0;
		};
/* End PBXSourcesBuildPhase section */

/* Begin PBXTargetDependency section */
		A3FE54722BFD1CEB0083EBC6 /* PBXTargetDependency */ = {
			isa = PBXTargetDependency;
			target = A3FE545F2BFD1CE80083EBC6 /* Test */;
			targetProxy = A3FE54712BFD1CEB0083EBC6 /* PBXContainerItemProxy */;
		};
		A3FE547C2BFD1CEB0083EBC6 /* PBXTargetDependency */ = {
			isa = PBXTargetDependency;
			target = A3FE545F2BFD1CE80083EBC6 /* Test */;
			targetProxy = A3FE547B2BFD1CEB0083EBC6 /* PBXContainerItemProxy */;
		};
/* End PBXTargetDependency section */

/* Begin XCBuildConfiguration section */
		A3FE54822BFD1CEB0083EBC6 /* Debug */ = {
			isa = XCBuildConfiguration;
			buildSettings = {
				ALWAYS_SEARCH_USER_PATHS = NO;
				ASSETCATALOG_COMPILER_GENERATE_SWIFT_ASSET_SYMBOL_EXTENSIONS = YES;
				CLANG_ANALYZER_NONNULL = YES;
				CLANG_ANALYZER_NUMBER_OBJECT_CONVERSION = YES_AGGRESSIVE;
				CLANG_CXX_LANGUAGE_STANDARD = "gnu++20";
				CLANG_ENABLE_MODULES = YES;
				CLANG_ENABLE_OBJC_ARC = YES;
				CLANG_ENABLE_OBJC_WEAK = YES;
				CLANG_WARN_BLOCK_CAPTURE_AUTORELEASING = YES;
				CLANG_WARN_BOOL_CONVERSION = YES;
				CLANG_WARN_COMMA = YES;
				CLANG_WARN_CONSTANT_CONVERSION = YES;
				CLANG_WARN_DEPRECATED_OBJC_IMPLEMENTATIONS = YES;
				CLANG_WARN_DIRECT_OBJC_ISA_USAGE = YES_ERROR;
				CLANG_WARN_DOCUMENTATION_COMMENTS = YES;
				CLANG_WARN_EMPTY_BODY = YES;
				CLANG_WARN_ENUM_CONVERSION = YES;
				CLANG_WARN_INFINITE_RECURSION = YES;
				CLANG_WARN_INT_CONVERSION = YES;
				CLANG_WARN_NON_LITERAL_NULL_CONVERSION = YES;
				CLANG_WARN_OBJC_IMPLICIT_RETAIN_SELF = YES;
				CLANG_WARN_OBJC_LITERAL_CONVERSION = YES;
				CLANG_WARN_OBJC_ROOT_CLASS = YES_ERROR;
				CLANG_WARN_QUOTED_INCLUDE_IN_FRAMEWORK_HEADER = YES;
				CLANG_WARN_RANGE_LOOP_ANALYSIS = YES;
				CLANG_WARN_STRICT_PROTOTYPES = YES;
				CLANG_WARN_SUSPICIOUS_MOVE = YES;
				CLANG_WARN_UNGUARDED_AVAILABILITY = YES_AGGRESSIVE;
				CLANG_WARN_UNREACHABLE_CODE = YES;
				CLANG_WARN__DUPLICATE_METHOD_MATCH = YES;
				COPY_PHASE_STRIP = NO;
				DEBUG_INFORMATION_FORMAT = dwarf;
				ENABLE_STRICT_OBJC_MSGSEND = YES;
				ENABLE_TESTABILITY = YES;
				ENABLE_USER_SCRIPT_SANDBOXING = YES;
				GCC_C_LANGUAGE_STANDARD = gnu17;
				GCC_DYNAMIC_NO_PIC = NO;
				GCC_NO_COMMON_BLOCKS = YES;
				GCC_OPTIMIZATION_LEVEL = 0;
				GCC_PREPROCESSOR_DEFINITIONS = (
					"DEBUG=1",
					"$(inherited)",
				);
				GCC_WARN_64_TO_32_BIT_CONVERSION = YES;
				GCC_WARN_ABOUT_RETURN_TYPE = YES_ERROR;
				GCC_WARN_UNDECLARED_SELECTOR = YES;
				GCC_WARN_UNINITIALIZED_AUTOS = YES_AGGRESSIVE;
				GCC_WARN_UNUSED_FUNCTION = YES;
				GCC_WARN_UNUSED_VARIABLE = YES;
				IPHONEOS_DEPLOYMENT_TARGET = 17.4;
				LOCALIZATION_PREFERS_STRING_CATALOGS = YES;
				MTL_ENABLE_DEBUG_INFO = INCLUDE_SOURCE;
				MTL_FAST_MATH = YES;
				ONLY_ACTIVE_ARCH = YES;
				SDKROOT = iphoneos;
				SWIFT_ACTIVE_COMPILATION_CONDITIONS = "DEBUG $(inherited)";
				SWIFT_OPTIMIZATION_LEVEL = "-Onone";
			};
			name = Debug;
		};
		A3FE54832BFD1CEB0083EBC6 /* Release */ = {
			isa = XCBuildConfiguration;
			buildSettings = {
				ALWAYS_SEARCH_USER_PATHS = NO;
				ASSETCATALOG_COMPILER_GENERATE_SWIFT_ASSET_SYMBOL_EXTENSIONS = YES;
				CLANG_ANALYZER_NONNULL = YES;
				CLANG_ANALYZER_NUMBER_OBJECT_CONVERSION = YES_AGGRESSIVE;
				CLANG_CXX_LANGUAGE_STANDARD = "gnu++20";
				CLANG_ENABLE_MODULES = YES;
				CLANG_ENABLE_OBJC_ARC = YES;
				CLANG_ENABLE_OBJC_WEAK = YES;
				CLANG_WARN_BLOCK_CAPTURE_AUTORELEASING = YES;
				CLANG_WARN_BOOL_CONVERSION = YES;
				CLANG_WARN_COMMA = YES;
				CLANG_WARN_CONSTANT_CONVERSION = YES;
				CLANG_WARN_DEPRECATED_OBJC_IMPLEMENTATIONS = YES;
				CLANG_WARN_DIRECT_OBJC_ISA_USAGE = YES_ERROR;
				CLANG_WARN_DOCUMENTATION_COMMENTS = YES;
				CLANG_WARN_EMPTY_BODY = YES;
				CLANG_WARN_ENUM_CONVERSION = YES;
				CLANG_WARN_INFINITE_RECURSION = YES;
				CLANG_WARN_INT_CONVERSION = YES;
				CLANG_WARN_NON_LITERAL_NULL_CONVERSION = YES;
				CLANG_WARN_OBJC_IMPLICIT_RETAIN_SELF = YES;
				CLANG_WARN_OBJC_LITERAL_CONVERSION = YES;
				CLANG_WARN_OBJC_ROOT_CLASS = YES_ERROR;
				CLANG_WARN_QUOTED_INCLUDE_IN_FRAMEWORK_HEADER = YES;
				CLANG_WARN_RANGE_LOOP_ANALYSIS = YES;
				CLANG_WARN_STRICT_PROTOTYPES = YES;
				CLANG_WARN_SUSPICIOUS_MOVE = YES;
				CLANG_WARN_UNGUARDED_AVAILABILITY = YES_AGGRESSIVE;
				CLANG_WARN_UNREACHABLE_CODE = YES;
				CLANG_WARN__DUPLICATE_METHOD_MATCH = YES;
				COPY_PHASE_STRIP = NO;
				DEBUG_INFORMATION_FORMAT = "dwarf-with-dsym";
				ENABLE_NS_ASSERTIONS = NO;
				ENABLE_STRICT_OBJC_MSGSEND = YES;
				ENABLE_USER_SCRIPT_SANDBOXING = YES;
				GCC_C_LANGUAGE_STANDARD = gnu17;
				GCC_NO_COMMON_BLOCKS = YES;
				GCC_WARN_64_TO_32_BIT_CONVERSION = YES;
				GCC_WARN_ABOUT_RETURN_TYPE = YES_ERROR;
				GCC_WARN_UNDECLARED_SELECTOR = YES;
				GCC_WARN_UNINITIALIZED_AUTOS = YES_AGGRESSIVE;
				GCC_WARN_UNUSED_FUNCTION = YES;
				GCC_WARN_UNUSED_VARIABLE = YES;
				IPHONEOS_DEPLOYMENT_TARGET = 17.4;
				LOCALIZATION_PREFERS_STRING_CATALOGS = YES;
				MTL_ENABLE_DEBUG_INFO = NO;
				MTL_FAST_MATH = YES;
				SDKROOT = iphoneos;
				SWIFT_COMPILATION_MODE = wholemodule;
				VALIDATE_PRODUCT = YES;
			};
			name = Release;
		};
		A3FE54852BFD1CEB0083EBC6 /* Debug */ = {
			isa = XCBuildConfiguration;
			buildSettings = {
				ASSETCATALOG_COMPILER_APPICON_NAME = AppIcon;
				ASSETCATALOG_COMPILER_GLOBAL_ACCENT_COLOR_NAME = AccentColor;
				CODE_SIGN_STYLE = Automatic;
				CURRENT_PROJECT_VERSION = 1;
				DEVELOPMENT_ASSET_PATHS = "\"Test/Preview Content\"";
				DEVELOPMENT_TEAM = 2V8J9Z7FB8;
				ENABLE_PREVIEWS = YES;
				GENERATE_INFOPLIST_FILE = YES;
				INFOPLIST_KEY_UIApplicationSceneManifest_Generation = YES;
				INFOPLIST_KEY_UIApplicationSupportsIndirectInputEvents = YES;
				INFOPLIST_KEY_UILaunchScreen_Generation = YES;
				INFOPLIST_KEY_UISupportedInterfaceOrientations_iPad = "UIInterfaceOrientationPortrait UIInterfaceOrientationPortraitUpsideDown UIInterfaceOrientationLandscapeLeft UIInterfaceOrientationLandscapeRight";
				INFOPLIST_KEY_UISupportedInterfaceOrientations_iPhone = "UIInterfaceOrientationPortrait UIInterfaceOrientationLandscapeLeft UIInterfaceOrientationLandscapeRight";
				LD_RUNPATH_SEARCH_PATHS = (
					"$(inherited)",
					"@executable_path/Frameworks",
				);
				MARKETING_VERSION = 1.0;
				PRODUCT_BUNDLE_IDENTIFIER = com.hassanewandianga.Test;
				PRODUCT_NAME = "$(TARGET_NAME)";
				SWIFT_EMIT_LOC_STRINGS = YES;
				SWIFT_VERSION = 5.0;
				TARGETED_DEVICE_FAMILY = "1,2";
			};
			name = Debug;
		};
		A3FE54862BFD1CEB0083EBC6 /* Release */ = {
			isa = XCBuildConfiguration;
			buildSettings = {
				ASSETCATALOG_COMPILER_APPICON_NAME = AppIcon;
				ASSETCATALOG_COMPILER_GLOBAL_ACCENT_COLOR_NAME = AccentColor;
				CODE_SIGN_STYLE = Automatic;
				CURRENT_PROJECT_VERSION = 1;
				DEVELOPMENT_ASSET_PATHS = "\"Test/Preview Content\"";
				DEVELOPMENT_TEAM = 2V8J9Z7FB8;
				ENABLE_PREVIEWS = YES;
				GENERATE_INFOPLIST_FILE = YES;
				INFOPLIST_KEY_UIApplicationSceneManifest_Generation = YES;
				INFOPLIST_KEY_UIApplicationSupportsIndirectInputEvents = YES;
				INFOPLIST_KEY_UILaunchScreen_Generation = YES;
				INFOPLIST_KEY_UISupportedInterfaceOrientations_iPad = "UIInterfaceOrientationPortrait UIInterfaceOrientationPortraitUpsideDown UIInterfaceOrientationLandscapeLeft UIInterfaceOrientationLandscapeRight";
				INFOPLIST_KEY_UISupportedInterfaceOrientations_iPhone = "UIInterfaceOrientationPortrait UIInterfaceOrientationLandscapeLeft UIInterfaceOrientationLandscapeRight";
				LD_RUNPATH_SEARCH_PATHS = (
					"$(inherited)",
					"@executable_path/Frameworks",
				);
				MARKETING_VERSION = 1.0;
				PRODUCT_BUNDLE_IDENTIFIER = com.hassanewandianga.Test;
				PRODUCT_NAME = "$(TARGET_NAME)";
				SWIFT_EMIT_LOC_STRINGS = YES;
				SWIFT_VERSION = 5.0;
				TARGETED_DEVICE_FAMILY = "1,2";
			};
			name = Release;
		};
		A3FE54882BFD1CEB0083EBC6 /* Debug */ = {
			isa = XCBuildConfiguration;
			buildSettings = {
				ALWAYS_EMBED_SWIFT_STANDARD_LIBRARIES = YES;
				BUNDLE_LOADER = "$(TEST_HOST)";
				CODE_SIGN_STYLE = Automatic;
				CURRENT_PROJECT_VERSION = 1;
				DEVELOPMENT_TEAM = 2V8J9Z7FB8;
				GENERATE_INFOPLIST_FILE = YES;
				IPHONEOS_DEPLOYMENT_TARGET = 17.4;
				MARKETING_VERSION = 1.0;
				PRODUCT_BUNDLE_IDENTIFIER = com.hassanewandianga.TestTests;
				PRODUCT_NAME = "$(TARGET_NAME)";
				SWIFT_EMIT_LOC_STRINGS = NO;
				SWIFT_VERSION = 5.0;
				TARGETED_DEVICE_FAMILY = "1,2";
				TEST_HOST = "$(BUILT_PRODUCTS_DIR)/Test.app/$(BUNDLE_EXECUTABLE_FOLDER_PATH)/Test";
			};
			name = Debug;
		};
		A3FE54892BFD1CEB0083EBC6 /* Release */ = {
			isa = XCBuildConfiguration;
			buildSettings = {
				ALWAYS_EMBED_SWIFT_STANDARD_LIBRARIES = YES;
				BUNDLE_LOADER = "$(TEST_HOST)";
				CODE_SIGN_STYLE = Automatic;
				CURRENT_PROJECT_VERSION = 1;
				DEVELOPMENT_TEAM = 2V8J9Z7FB8;
				GENERATE_INFOPLIST_FILE = YES;
				IPHONEOS_DEPLOYMENT_TARGET = 17.4;
				MARKETING_VERSION = 1.0;
				PRODUCT_BUNDLE_IDENTIFIER = com.hassanewandianga.TestTests;
				PRODUCT_NAME = "$(TARGET_NAME)";
				SWIFT_EMIT_LOC_STRINGS = NO;
				SWIFT_VERSION = 5.0;
				TARGETED_DEVICE_FAMILY = "1,2";
				TEST_HOST = "$(BUILT_PRODUCTS_DIR)/Test.app/$(BUNDLE_EXECUTABLE_FOLDER_PATH)/Test";
			};
			name = Release;
		};
		A3FE548B2BFD1CEB0083EBC6 /* Debug */ = {
			isa = XCBuildConfiguration;
			buildSettings = {
				ALWAYS_EMBED_SWIFT_STANDARD_LIBRARIES = YES;
				CODE_SIGN_STYLE = Automatic;
				CURRENT_PROJECT_VERSION = 1;
				DEVELOPMENT_TEAM = 2V8J9Z7FB8;
				GENERATE_INFOPLIST_FILE = YES;
				MARKETING_VERSION = 1.0;
				PRODUCT_BUNDLE_IDENTIFIER = com.hassanewandianga.TestUITests;
				PRODUCT_NAME = "$(TARGET_NAME)";
				SWIFT_EMIT_LOC_STRINGS = NO;
				SWIFT_VERSION = 5.0;
				TARGETED_DEVICE_FAMILY = "1,2";
				TEST_TARGET_NAME = Test;
			};
			name = Debug;
		};
		A3FE548C2BFD1CEB0083EBC6 /* Release */ = {
			isa = XCBuildConfiguration;
			buildSettings = {
				ALWAYS_EMBED_SWIFT_STANDARD_LIBRARIES = YES;
				CODE_SIGN_STYLE = Automatic;
				CURRENT_PROJECT_VERSION = 1;
				DEVELOPMENT_TEAM = 2V8J9Z7FB8;
				GENERATE_INFOPLIST_FILE = YES;
				MARKETING_VERSION = 1.0;
				PRODUCT_BUNDLE_IDENTIFIER = com.hassanewandianga.TestUITests;
				PRODUCT_NAME = "$(TARGET_NAME)";
				SWIFT_EMIT_LOC_STRINGS = NO;
				SWIFT_VERSION = 5.0;
				TARGETED_DEVICE_FAMILY = "1,2";
				TEST_TARGET_NAME = Test;
			};
			name = Release;
		};
/* End XCBuildConfiguration section */

/* Begin XCConfigurationList section */
		A3FE545B2BFD1CE80083EBC6 /* Build configuration list for PBXProject "Test" */ = {
			isa = XCConfigurationList;
			buildConfigurations = (
				A3FE54822BFD1CEB0083EBC6 /* Debug */,
				A3FE54832BFD1CEB0083EBC6 /* Release */,
			);
			defaultConfigurationIsVisible = 0;
			defaultConfigurationName = Release;
		};
		A3FE54842BFD1CEB0083EBC6 /* Build configuration list for PBXNativeTarget "Test" */ = {
			isa = XCConfigurationList;
			buildConfigurations = (
				A3FE54852BFD1CEB0083EBC6 /* Debug */,
				A3FE54862BFD1CEB0083EBC6 /* Release */,
			);
			defaultConfigurationIsVisible = 0;
			defaultConfigurationName = Release;
		};
		A3FE54872BFD1CEB0083EBC6 /* Build configuration list for PBXNativeTarget "TestTests" */ = {
			isa = XCConfigurationList;
			buildConfigurations = (
				A3FE54882BFD1CEB0083EBC6 /* Debug */,
				A3FE54892BFD1CEB0083EBC6 /* Release */,
			);
			defaultConfigurationIsVisible = 0;
			defaultConfigurationName = Release;
		};
		A3FE548A2BFD1CEB0083EBC6 /* Build configuration list for PBXNativeTarget "TestUITests" */ = {
			isa = XCConfigurationList;
			buildConfigurations = (
				A3FE548B2BFD1CEB0083EBC6 /* Debug */,
				A3FE548C2BFD1CEB0083EBC6 /* Release */,
			);
			defaultConfigurationIsVisible = 0;
			defaultConfigurationName = Release;
		};
/* End XCConfigurationList section */
	};
	rootObject = A3FE54582BFD1CE80083EBC6 /* Project object */;
}
